
Microsoft Visual Studio Solution File, Format Version 12.00
# Visual Studio Version 17
VisualStudioVersion = 17.0.32014.148
MinimumVisualStudioVersion = 10.0.40219.1
Project("{FAE04EC0-301F-11D3-BF4B-00C04F79EFBC}") = "Domain", "Domain\Domain.csproj", "{FC33D91B-5AA2-4CA1-B3D7-DA7847AAD787}"
EndProject
Project("{FAE04EC0-301F-11D3-BF4B-00C04F79EFBC}") = "EFCore.Context", "EFCore.Context\EFCore.Context.csproj", "{11FF09CF-2986-45C5-8DD1-94B122E6E14C}"
EndProject
Project("{FAE04EC0-301F-11D3-BF4B-00C04F79EFBC}") = "EFCore.Repository", "EFCore.Repository\EFCore.Repository.csproj", "{ED45D77B-BF79-43B5-B722-BCDF98B17805}"
EndProject
Project("{FAE04EC0-301F-11D3-BF4B-00C04F79EFBC}") = "Business", "Business\Business.csproj", "{5D8B490C-2825-4BC7-885D-9AFC01FA4D28}"
EndProject
Global
	GlobalSection(SolutionConfigurationPlatforms) = preSolution
		Debug|Any CPU = Debug|Any CPU
		Release|Any CPU = Release|Any CPU
	EndGlobalSection
	GlobalSection(ProjectConfigurationPlatforms) = postSolution
		{FC33D91B-5AA2-4CA1-B3D7-DA7847AAD787}.Debug|Any CPU.ActiveCfg = Debug|Any CPU
		{FC33D91B-5AA2-4CA1-B3D7-DA7847AAD787}.Debug|Any CPU.Build.0 = Debug|Any CPU
		{FC33D91B-5AA2-4CA1-B3D7-DA7847AAD787}.Release|Any CPU.ActiveCfg = Release|Any CPU
		{FC33D91B-5AA2-4CA1-B3D7-DA7847AAD787}.Release|Any CPU.Build.0 = Release|Any CPU
		{11FF09CF-2986-45C5-8DD1-94B122E6E14C}.Debug|Any CPU.ActiveCfg = Debug|Any CPU
		{11FF09CF-2986-45C5-8DD1-94B122E6E14C}.Debug|Any CPU.Build.0 = Debug|Any CPU
		{11FF09CF-2986-45C5-8DD1-94B122E6E14C}.Release|Any CPU.ActiveCfg = Release|Any CPU
		{11FF09CF-2986-45C5-8DD1-94B122E6E14C}.Release|Any CPU.Build.0 = Release|Any CPU
		{ED45D77B-BF79-43B5-B722-BCDF98B17805}.Debug|Any CPU.ActiveCfg = Debug|Any CPU
		{ED45D77B-BF79-43B5-B722-BCDF98B17805}.Debug|Any CPU.Build.0 = Debug|Any CPU
		{ED45D77B-BF79-43B5-B722-BCDF98B17805}.Release|Any CPU.ActiveCfg = Release|Any CPU
		{ED45D77B-BF79-43B5-B722-BCDF98B17805}.Release|Any CPU.Build.0 = Release|Any CPU
		{5D8B490C-2825-4BC7-885D-9AFC01FA4D28}.Debug|Any CPU.ActiveCfg = Debug|Any CPU
		{5D8B490C-2825-4BC7-885D-9AFC01FA4D28}.Debug|Any CPU.Build.0 = Debug|Any CPU
		{5D8B490C-2825-4BC7-885D-9AFC01FA4D28}.Release|Any CPU.ActiveCfg = Release|Any CPU
		{5D8B490C-2825-4BC7-885D-9AFC01FA4D28}.Release|Any CPU.Build.0 = Release|Any CPU
	EndGlobalSection
	GlobalSection(SolutionProperties) = preSolution
		HideSolutionNode = FALSE
	EndGlobalSection
	GlobalSection(ExtensibilityGlobals) = postSolution
		SolutionGuid = {BEAFA9E8-C1DD-4CA6-9BC5-F8D6107D9C40}
	EndGlobalSection
EndGlobal
